
Microsoft Visual Studio Solution File, Format Version 12.00
# Visual Studio Version 17
VisualStudioVersion = 17.4.32804.182
MinimumVisualStudioVersion = 10.0.40219.1
Project("{2150E333-8FDC-42A3-9474-1A3956D46DE8}") = "src", "src", "{ED120516-A90F-4799-A105-6E96DEEA4318}"
EndProject
Project("{9A19103F-16F7-4668-BE54-9A1E7A4F7556}") = "CopyFileUtility", "src\CopyFileUtility\CopyFileUtility.csproj", "{0F33126E-F66A-4F0E-B731-DE65F4C6C734}"
EndProject
Project("{9A19103F-16F7-4668-BE54-9A1E7A4F7556}") = "BufferCopy", "src\BufferCopy\BufferCopy.csproj", "{4F567258-27FB-451E-8640-8988CBBB15DA}"
EndProject
Project("{2150E333-8FDC-42A3-9474-1A3956D46DE8}") = "sandbox", "sandbox", "{6F7C8791-B408-4B71-9FE8-C846FD855129}"
EndProject
Project("{9A19103F-16F7-4668-BE54-9A1E7A4F7556}") = "Benchmark", "sandbox\Benchmark\Benchmark.csproj", "{244DD8C0-DDB6-43C5-934E-DF36CAF4C9CE}"
EndProject
Project("{2150E333-8FDC-42A3-9474-1A3956D46DE8}") = "test", "test", "{5768EFB9-ABCA-4FEB-B62E-6ABF8A8FB122}"
EndProject
Project("{9A19103F-16F7-4668-BE54-9A1E7A4F7556}") = "CopyFileUtilityTest", "test\CopyFileUtilityTest\CopyFileUtilityTest.csproj", "{628B78F2-E1DA-4A4E-91B2-F22046A50F19}"
EndProject
Project("{9A19103F-16F7-4668-BE54-9A1E7A4F7556}") = "TestUtility", "test\TestUtility\TestUtility.csproj", "{EE6EBA7D-6DE3-41D1-ADBA-254D5A66398B}"
EndProject
Project("{FAE04EC0-301F-11D3-BF4B-00C04F79EFBC}") = "CopyFilePipeUtility", "src\CopyFilePipeUtility\CopyFilePipeUtility.csproj", "{C4D267F1-1F16-40C8-9EDA-B1B61231C0C8}"
EndProject
Global
	GlobalSection(SolutionConfigurationPlatforms) = preSolution
		Debug|Any CPU = Debug|Any CPU
		Release|Any CPU = Release|Any CPU
	EndGlobalSection
	GlobalSection(ProjectConfigurationPlatforms) = postSolution
		{0F33126E-F66A-4F0E-B731-DE65F4C6C734}.Debug|Any CPU.ActiveCfg = Debug|Any CPU
		{0F33126E-F66A-4F0E-B731-DE65F4C6C734}.Debug|Any CPU.Build.0 = Debug|Any CPU
		{0F33126E-F66A-4F0E-B731-DE65F4C6C734}.Release|Any CPU.ActiveCfg = Release|Any CPU
		{0F33126E-F66A-4F0E-B731-DE65F4C6C734}.Release|Any CPU.Build.0 = Release|Any CPU
		{4F567258-27FB-451E-8640-8988CBBB15DA}.Debug|Any CPU.ActiveCfg = Debug|Any CPU
		{4F567258-27FB-451E-8640-8988CBBB15DA}.Debug|Any CPU.Build.0 = Debug|Any CPU
		{4F567258-27FB-451E-8640-8988CBBB15DA}.Release|Any CPU.ActiveCfg = Release|Any CPU
		{4F567258-27FB-451E-8640-8988CBBB15DA}.Release|Any CPU.Build.0 = Release|Any CPU
		{244DD8C0-DDB6-43C5-934E-DF36CAF4C9CE}.Debug|Any CPU.ActiveCfg = Debug|Any CPU
		{244DD8C0-DDB6-43C5-934E-DF36CAF4C9CE}.Debug|Any CPU.Build.0 = Debug|Any CPU
		{244DD8C0-DDB6-43C5-934E-DF36CAF4C9CE}.Release|Any CPU.ActiveCfg = Release|Any CPU
		{244DD8C0-DDB6-43C5-934E-DF36CAF4C9CE}.Release|Any CPU.Build.0 = Release|Any CPU
		{628B78F2-E1DA-4A4E-91B2-F22046A50F19}.Debug|Any CPU.ActiveCfg = Debug|Any CPU
		{628B78F2-E1DA-4A4E-91B2-F22046A50F19}.Debug|Any CPU.Build.0 = Debug|Any CPU
		{628B78F2-E1DA-4A4E-91B2-F22046A50F19}.Release|Any CPU.ActiveCfg = Release|Any CPU
		{628B78F2-E1DA-4A4E-91B2-F22046A50F19}.Release|Any CPU.Build.0 = Release|Any CPU
		{EE6EBA7D-6DE3-41D1-ADBA-254D5A66398B}.Debug|Any CPU.ActiveCfg = Debug|Any CPU
		{EE6EBA7D-6DE3-41D1-ADBA-254D5A66398B}.Debug|Any CPU.Build.0 = Debug|Any CPU
		{EE6EBA7D-6DE3-41D1-ADBA-254D5A66398B}.Release|Any CPU.ActiveCfg = Release|Any CPU
		{EE6EBA7D-6DE3-41D1-ADBA-254D5A66398B}.Release|Any CPU.Build.0 = Release|Any CPU
		{C4D267F1-1F16-40C8-9EDA-B1B61231C0C8}.Debug|Any CPU.ActiveCfg = Debug|Any CPU
		{C4D267F1-1F16-40C8-9EDA-B1B61231C0C8}.Debug|Any CPU.Build.0 = Debug|Any CPU
		{C4D267F1-1F16-40C8-9EDA-B1B61231C0C8}.Release|Any CPU.ActiveCfg = Release|Any CPU
		{C4D267F1-1F16-40C8-9EDA-B1B61231C0C8}.Release|Any CPU.Build.0 = Release|Any CPU
	EndGlobalSection
	GlobalSection(SolutionProperties) = preSolution
		HideSolutionNode = FALSE
	EndGlobalSection
	GlobalSection(NestedProjects) = preSolution
		{0F33126E-F66A-4F0E-B731-DE65F4C6C734} = {ED120516-A90F-4799-A105-6E96DEEA4318}
		{4F567258-27FB-451E-8640-8988CBBB15DA} = {ED120516-A90F-4799-A105-6E96DEEA4318}
		{244DD8C0-DDB6-43C5-934E-DF36CAF4C9CE} = {6F7C8791-B408-4B71-9FE8-C846FD855129}
		{628B78F2-E1DA-4A4E-91B2-F22046A50F19} = {5768EFB9-ABCA-4FEB-B62E-6ABF8A8FB122}
		{EE6EBA7D-6DE3-41D1-ADBA-254D5A66398B} = {5768EFB9-ABCA-4FEB-B62E-6ABF8A8FB122}
		{C4D267F1-1F16-40C8-9EDA-B1B61231C0C8} = {ED120516-A90F-4799-A105-6E96DEEA4318}
	EndGlobalSection
	GlobalSection(ExtensibilityGlobals) = postSolution
		SolutionGuid = {BD8C8E29-268A-4E9D-AE10-64A3F0C69C88}
	EndGlobalSection
EndGlobal
